
Microsoft Visual Studio Solution File, Format Version 12.00
# Visual Studio Version 17
VisualStudioVersion = 17.14.37012.4 d17.14
MinimumVisualStudioVersion = 10.0.40219.1
Project("{FAE04EC0-301F-11D3-BF4B-00C04F79EFBC}") = "IceRinks", "IceRinks\IceRinks.csproj", "{03EB8B99-7BE5-4567-B4AE-2292B5058C6F}"
EndProject
Global
	GlobalSection(SolutionConfigurationPlatforms) = preSolution
		Debug|Any CPU = Debug|Any CPU
		Release|Any CPU = Release|Any CPU
	EndGlobalSection
	GlobalSection(ProjectConfigurationPlatforms) = postSolution
		{03EB8B99-7BE5-4567-B4AE-2292B5058C6F}.Debug|Any CPU.ActiveCfg = Debug|Any CPU
		{03EB8B99-7BE5-4567-B4AE-2292B5058C6F}.Debug|Any CPU.Build.0 = Debug|Any CPU
		{03EB8B99-7BE5-4567-B4AE-2292B5058C6F}.Release|Any CPU.ActiveCfg = Release|Any CPU
		{03EB8B99-7BE5-4567-B4AE-2292B5058C6F}.Release|Any CPU.Build.0 = Release|Any CPU
	EndGlobalSection
	GlobalSection(SolutionProperties) = preSolution
		HideSolutionNode = FALSE
	EndGlobalSection
	GlobalSection(ExtensibilityGlobals) = postSolution
		SolutionGuid = {69737E11-B188-4B90-8E99-3660D3DC0FDB}
	EndGlobalSection
EndGlobal
